
Microsoft Visual Studio Solution File, Format Version 12.00
# Visual Studio 14
VisualStudioVersion = 14.0.23107.0
MinimumVisualStudioVersion = 10.0.40219.1
Project("{FAE04EC0-301F-11D3-BF4B-00C04F79EFBC}") = "TokenAssistant", "TokenAssistant\TokenAssistant.csproj", "{A8B43622-DC08-4FD8-BCFE-81590BEBBA4E}"
EndProject
Project("{FAE04EC0-301F-11D3-BF4B-00C04F79EFBC}") = "TokenAssistant.Data", "TokenAssistant.Data\TokenAssistant.Data.csproj", "{309B6D34-8E80-4377-8867-7922190ABEE4}"
EndProject
Project("{FAE04EC0-301F-11D3-BF4B-00C04F79EFBC}") = "OAuth2", "OAuth2\OAuth2.csproj", "{FEBF0679-1710-47D2-ABA7-DF463D39E2C4}"
EndProject
Project("{2150E333-8FDC-42A3-9474-1A3956D46DE8}") = "Test", "Test", "{0430C9D6-3BEF-49ED-AA0D-7280D5E2E2EC}"
EndProject
Project("{FAE04EC0-301F-11D3-BF4B-00C04F79EFBC}") = "UnitTestTokenTool", "UnitTestTokenTool\UnitTestTokenTool.csproj", "{2D7E7BE5-2B08-416F-BEFB-A75A3CD3B37F}"
EndProject
Project("{FAE04EC0-301F-11D3-BF4B-00C04F79EFBC}") = "CreateSQLDatabase", "CreateSQLDatabase\CreateSQLDatabase.csproj", "{0F3F5103-2DDB-4AEB-8885-5494B3766F5D}"
EndProject
Project("{FAE04EC0-301F-11D3-BF4B-00C04F79EFBC}") = "ServiceHost", "ServiceHost\ServiceHost.csproj", "{14688076-2D41-43AE-AB2A-493A2FE8BFC3}"
EndProject
Project("{FAE04EC0-301F-11D3-BF4B-00C04F79EFBC}") = "ServiceHost.Test", "ServiceHost.Test\ServiceHost.Test.csproj", "{3F99F277-4058-4E58-9E96-332AC5AA0234}"
EndProject
Global
	GlobalSection(SolutionConfigurationPlatforms) = preSolution
		Debug|Any CPU = Debug|Any CPU
		Release|Any CPU = Release|Any CPU
	EndGlobalSection
	GlobalSection(ProjectConfigurationPlatforms) = postSolution
		{A8B43622-DC08-4FD8-BCFE-81590BEBBA4E}.Debug|Any CPU.ActiveCfg = Debug|Any CPU
		{A8B43622-DC08-4FD8-BCFE-81590BEBBA4E}.Debug|Any CPU.Build.0 = Debug|Any CPU
		{A8B43622-DC08-4FD8-BCFE-81590BEBBA4E}.Release|Any CPU.ActiveCfg = Release|Any CPU
		{A8B43622-DC08-4FD8-BCFE-81590BEBBA4E}.Release|Any CPU.Build.0 = Release|Any CPU
		{309B6D34-8E80-4377-8867-7922190ABEE4}.Debug|Any CPU.ActiveCfg = Debug|Any CPU
		{309B6D34-8E80-4377-8867-7922190ABEE4}.Debug|Any CPU.Build.0 = Debug|Any CPU
		{309B6D34-8E80-4377-8867-7922190ABEE4}.Release|Any CPU.ActiveCfg = Release|Any CPU
		{309B6D34-8E80-4377-8867-7922190ABEE4}.Release|Any CPU.Build.0 = Release|Any CPU
		{FEBF0679-1710-47D2-ABA7-DF463D39E2C4}.Debug|Any CPU.ActiveCfg = Debug|Any CPU
		{FEBF0679-1710-47D2-ABA7-DF463D39E2C4}.Debug|Any CPU.Build.0 = Debug|Any CPU
		{FEBF0679-1710-47D2-ABA7-DF463D39E2C4}.Release|Any CPU.ActiveCfg = Release|Any CPU
		{FEBF0679-1710-47D2-ABA7-DF463D39E2C4}.Release|Any CPU.Build.0 = Release|Any CPU
		{2D7E7BE5-2B08-416F-BEFB-A75A3CD3B37F}.Debug|Any CPU.ActiveCfg = Debug|Any CPU
		{2D7E7BE5-2B08-416F-BEFB-A75A3CD3B37F}.Debug|Any CPU.Build.0 = Debug|Any CPU
		{2D7E7BE5-2B08-416F-BEFB-A75A3CD3B37F}.Release|Any CPU.ActiveCfg = Release|Any CPU
		{2D7E7BE5-2B08-416F-BEFB-A75A3CD3B37F}.Release|Any CPU.Build.0 = Release|Any CPU
		{0F3F5103-2DDB-4AEB-8885-5494B3766F5D}.Debug|Any CPU.ActiveCfg = Debug|Any CPU
		{0F3F5103-2DDB-4AEB-8885-5494B3766F5D}.Debug|Any CPU.Build.0 = Debug|Any CPU
		{0F3F5103-2DDB-4AEB-8885-5494B3766F5D}.Release|Any CPU.ActiveCfg = Release|Any CPU
		{0F3F5103-2DDB-4AEB-8885-5494B3766F5D}.Release|Any CPU.Build.0 = Release|Any CPU
		{14688076-2D41-43AE-AB2A-493A2FE8BFC3}.Debug|Any CPU.ActiveCfg = Debug|Any CPU
		{14688076-2D41-43AE-AB2A-493A2FE8BFC3}.Debug|Any CPU.Build.0 = Debug|Any CPU
		{14688076-2D41-43AE-AB2A-493A2FE8BFC3}.Release|Any CPU.ActiveCfg = Release|Any CPU
		{14688076-2D41-43AE-AB2A-493A2FE8BFC3}.Release|Any CPU.Build.0 = Release|Any CPU
		{3F99F277-4058-4E58-9E96-332AC5AA0234}.Debug|Any CPU.ActiveCfg = Debug|Any CPU
		{3F99F277-4058-4E58-9E96-332AC5AA0234}.Debug|Any CPU.Build.0 = Debug|Any CPU
		{3F99F277-4058-4E58-9E96-332AC5AA0234}.Release|Any CPU.ActiveCfg = Release|Any CPU
		{3F99F277-4058-4E58-9E96-332AC5AA0234}.Release|Any CPU.Build.0 = Release|Any CPU
	EndGlobalSection
	GlobalSection(SolutionProperties) = preSolution
		HideSolutionNode = FALSE
	EndGlobalSection
	GlobalSection(NestedProjects) = preSolution
		{2D7E7BE5-2B08-416F-BEFB-A75A3CD3B37F} = {0430C9D6-3BEF-49ED-AA0D-7280D5E2E2EC}
		{0F3F5103-2DDB-4AEB-8885-5494B3766F5D} = {0430C9D6-3BEF-49ED-AA0D-7280D5E2E2EC}
		{14688076-2D41-43AE-AB2A-493A2FE8BFC3} = {0430C9D6-3BEF-49ED-AA0D-7280D5E2E2EC}
		{3F99F277-4058-4E58-9E96-332AC5AA0234} = {0430C9D6-3BEF-49ED-AA0D-7280D5E2E2EC}
	EndGlobalSection
EndGlobal
